
Microsoft Visual Studio Solution File, Format Version 12.00
Project("{2150E333-8FDC-42A3-9474-1A3956D46DE8}") = "docs", "docs", "{A64AD361-E69F-4436-88E5-AEA28C384171}"
	ProjectSection(SolutionItems) = preProject
		docs\Readme.md = docs\Readme.md
		docs\Structure.md = docs\Structure.md
	EndProjectSection
EndProject
Project("{2150E333-8FDC-42A3-9474-1A3956D46DE8}") = "src", "src", "{3378D028-998A-4722-AC4C-94AE6FE0155A}"
EndProject
Project("{2150E333-8FDC-42A3-9474-1A3956D46DE8}") = "tests", "tests", "{F2E6E924-F726-4B98-93CC-3BF640E406FD}"
EndProject
Project("{FAE04EC0-301F-11D3-BF4B-00C04F79EFBC}") = "Warehouse360.Core", "src\Warehouse360.Core\Warehouse360.Core.csproj", "{59456727-9844-4FD9-BFD7-CABAF13B2964}"
EndProject
Project("{FAE04EC0-301F-11D3-BF4B-00C04F79EFBC}") = "Warehouse360.Application", "src\Warehouse360.Application\Warehouse360.Application.csproj", "{742CDB06-CE19-4620-B999-55B048D70C77}"
EndProject
Project("{2150E333-8FDC-42A3-9474-1A3956D46DE8}") = "solution-items", "solution-items", "{C31CC998-89A2-4C4C-80FC-6FCF9E64E742}"
	ProjectSection(SolutionItems) = preProject
		LICENSE = LICENSE
		README.md = README.md
		Dockerfile = Dockerfile
		.dockerignore = .dockerignore
		docker-compose.yml = docker-compose.yml
		.gitignore = .gitignore
		.env = .env
		.github\workflows\ci.yml = .github\workflows\ci.yml
		kubernetes\deployment.yaml = kubernetes\deployment.yaml
		kubernetes\service.yaml = kubernetes\service.yaml
	EndProjectSection
EndProject
Project("{2150E333-8FDC-42A3-9474-1A3956D46DE8}") = "Warehouse360.Core", "Warehouse360.Core", "{AE93E829-0A07-455D-80A1-1734488BF21E}"
	ProjectSection(SolutionItems) = preProject
		docs\Warehouse360.Core\Readme.md = docs\Warehouse360.Core\Readme.md
	EndProjectSection
EndProject
Project("{2150E333-8FDC-42A3-9474-1A3956D46DE8}") = "CustomerManagement", "CustomerManagement", "{45E4A27D-71A4-41CA-B62E-5B252579AAAE}"
EndProject
Project("{2150E333-8FDC-42A3-9474-1A3956D46DE8}") = "InventoryManagement", "InventoryManagement", "{0239155C-448F-4DE0-BDCD-C7A96B273D3E}"
EndProject
Project("{2150E333-8FDC-42A3-9474-1A3956D46DE8}") = "OrderManagement", "OrderManagement", "{CB4FD4C5-276D-416F-AD4A-4665CF5675C3}"
EndProject
Project("{FAE04EC0-301F-11D3-BF4B-00C04F79EFBC}") = "Warehouse360.Persistence", "src\Warehouse360.Persistence\Warehouse360.Persistence.csproj", "{BE04C1D6-D670-42AF-AAD1-D74987934CFF}"
EndProject
Project("{FAE04EC0-301F-11D3-BF4B-00C04F79EFBC}") = "Warehouse360.Redis", "src\Warehouse360.Redis\Warehouse360.Redis.csproj", "{0F2C21C5-2FF1-4C81-8319-1FA4F423DC3A}"
EndProject
Project("{2150E333-8FDC-42A3-9474-1A3956D46DE8}") = "Infrastructure", "Infrastructure", "{978C747F-A64B-4E22-95FF-5ABCEB92F27F}"
EndProject
Project("{2150E333-8FDC-42A3-9474-1A3956D46DE8}") = "Warehouse360.BlobStorage", "Warehouse360.BlobStorage", "{4E853960-D6E3-422E-B98D-EF0FD5C11F04}"
EndProject
Project("{2150E333-8FDC-42A3-9474-1A3956D46DE8}") = "Warehouse360.Logging", "Warehouse360.Logging", "{EB66C7F6-853F-4E33-A5AE-F3C26A9B0D60}"
EndProject
Project("{2150E333-8FDC-42A3-9474-1A3956D46DE8}") = "Warehouse360.Messaging", "Warehouse360.Messaging", "{56821C47-A494-42DD-B71B-345FEDF6520E}"
EndProject
Project("{2150E333-8FDC-42A3-9474-1A3956D46DE8}") = "Warehouse360.Search", "Warehouse360.Search", "{3A3D7A41-EF33-4F49-95DB-3B0CF5375454}"
EndProject
Project("{2150E333-8FDC-42A3-9474-1A3956D46DE8}") = "Warehouse360.Notification", "Warehouse360.Notification", "{5CCFF767-6615-454E-8393-CC3AC797F1B6}"
EndProject
Project("{2150E333-8FDC-42A3-9474-1A3956D46DE8}") = "Warehouse360.Monitoring", "Warehouse360.Monitoring", "{9A24D2EB-707E-4C64-AA63-BD5E33995071}"
EndProject
Project("{FAE04EC0-301F-11D3-BF4B-00C04F79EFBC}") = "Warehouse360.Api", "src\Warehouse360.Api\Warehouse360.Api.csproj", "{A58EA8B0-0289-4AE9-A248-2E204D9C9A44}"
EndProject
Project("{2150E333-8FDC-42A3-9474-1A3956D46DE8}") = "IdentityManagement", "IdentityManagement", "{12A338E4-A2BA-4168-A9F0-9F18B5A4DDED}"
	ProjectSection(SolutionItems) = preProject
		docs\Warehouse360.Core\IdentityManagment\RolesAndPermisiions.md = docs\Warehouse360.Core\IdentityManagment\RolesAndPermisiions.md
	EndProjectSection
EndProject
Global
	GlobalSection(SolutionConfigurationPlatforms) = preSolution
		Debug|Any CPU = Debug|Any CPU
		Release|Any CPU = Release|Any CPU
	EndGlobalSection
	GlobalSection(NestedProjects) = preSolution
		{59456727-9844-4FD9-BFD7-CABAF13B2964} = {3378D028-998A-4722-AC4C-94AE6FE0155A}
		{742CDB06-CE19-4620-B999-55B048D70C77} = {3378D028-998A-4722-AC4C-94AE6FE0155A}
		{AE93E829-0A07-455D-80A1-1734488BF21E} = {A64AD361-E69F-4436-88E5-AEA28C384171}
		{45E4A27D-71A4-41CA-B62E-5B252579AAAE} = {AE93E829-0A07-455D-80A1-1734488BF21E}
		{0239155C-448F-4DE0-BDCD-C7A96B273D3E} = {AE93E829-0A07-455D-80A1-1734488BF21E}
		{CB4FD4C5-276D-416F-AD4A-4665CF5675C3} = {AE93E829-0A07-455D-80A1-1734488BF21E}
		{978C747F-A64B-4E22-95FF-5ABCEB92F27F} = {3378D028-998A-4722-AC4C-94AE6FE0155A}
		{BE04C1D6-D670-42AF-AAD1-D74987934CFF} = {978C747F-A64B-4E22-95FF-5ABCEB92F27F}
		{0F2C21C5-2FF1-4C81-8319-1FA4F423DC3A} = {978C747F-A64B-4E22-95FF-5ABCEB92F27F}
		{4E853960-D6E3-422E-B98D-EF0FD5C11F04} = {978C747F-A64B-4E22-95FF-5ABCEB92F27F}
		{EB66C7F6-853F-4E33-A5AE-F3C26A9B0D60} = {978C747F-A64B-4E22-95FF-5ABCEB92F27F}
		{56821C47-A494-42DD-B71B-345FEDF6520E} = {978C747F-A64B-4E22-95FF-5ABCEB92F27F}
		{3A3D7A41-EF33-4F49-95DB-3B0CF5375454} = {978C747F-A64B-4E22-95FF-5ABCEB92F27F}
		{5CCFF767-6615-454E-8393-CC3AC797F1B6} = {978C747F-A64B-4E22-95FF-5ABCEB92F27F}
		{9A24D2EB-707E-4C64-AA63-BD5E33995071} = {978C747F-A64B-4E22-95FF-5ABCEB92F27F}
		{A58EA8B0-0289-4AE9-A248-2E204D9C9A44} = {3378D028-998A-4722-AC4C-94AE6FE0155A}
		{12A338E4-A2BA-4168-A9F0-9F18B5A4DDED} = {AE93E829-0A07-455D-80A1-1734488BF21E}
	EndGlobalSection
	GlobalSection(ProjectConfigurationPlatforms) = postSolution
		{59456727-9844-4FD9-BFD7-CABAF13B2964}.Debug|Any CPU.ActiveCfg = Debug|Any CPU
		{59456727-9844-4FD9-BFD7-CABAF13B2964}.Debug|Any CPU.Build.0 = Debug|Any CPU
		{59456727-9844-4FD9-BFD7-CABAF13B2964}.Release|Any CPU.ActiveCfg = Release|Any CPU
		{59456727-9844-4FD9-BFD7-CABAF13B2964}.Release|Any CPU.Build.0 = Release|Any CPU
		{742CDB06-CE19-4620-B999-55B048D70C77}.Debug|Any CPU.ActiveCfg = Debug|Any CPU
		{742CDB06-CE19-4620-B999-55B048D70C77}.Debug|Any CPU.Build.0 = Debug|Any CPU
		{742CDB06-CE19-4620-B999-55B048D70C77}.Release|Any CPU.ActiveCfg = Release|Any CPU
		{742CDB06-CE19-4620-B999-55B048D70C77}.Release|Any CPU.Build.0 = Release|Any CPU
		{BE04C1D6-D670-42AF-AAD1-D74987934CFF}.Debug|Any CPU.ActiveCfg = Debug|Any CPU
		{BE04C1D6-D670-42AF-AAD1-D74987934CFF}.Debug|Any CPU.Build.0 = Debug|Any CPU
		{BE04C1D6-D670-42AF-AAD1-D74987934CFF}.Release|Any CPU.ActiveCfg = Release|Any CPU
		{BE04C1D6-D670-42AF-AAD1-D74987934CFF}.Release|Any CPU.Build.0 = Release|Any CPU
		{0F2C21C5-2FF1-4C81-8319-1FA4F423DC3A}.Debug|Any CPU.ActiveCfg = Debug|Any CPU
		{0F2C21C5-2FF1-4C81-8319-1FA4F423DC3A}.Debug|Any CPU.Build.0 = Debug|Any CPU
		{0F2C21C5-2FF1-4C81-8319-1FA4F423DC3A}.Release|Any CPU.ActiveCfg = Release|Any CPU
		{0F2C21C5-2FF1-4C81-8319-1FA4F423DC3A}.Release|Any CPU.Build.0 = Release|Any CPU
		{A58EA8B0-0289-4AE9-A248-2E204D9C9A44}.Debug|Any CPU.ActiveCfg = Debug|Any CPU
		{A58EA8B0-0289-4AE9-A248-2E204D9C9A44}.Debug|Any CPU.Build.0 = Debug|Any CPU
		{A58EA8B0-0289-4AE9-A248-2E204D9C9A44}.Release|Any CPU.ActiveCfg = Release|Any CPU
		{A58EA8B0-0289-4AE9-A248-2E204D9C9A44}.Release|Any CPU.Build.0 = Release|Any CPU
	EndGlobalSection
EndGlobal
